// !$*UTF8*$!
{
	archiveVersion = 1;
	classes = {
	};
	objectVersion = 46;
	objects = {

/* Begin PBXBuildFile section */
		CCE4A5181785524200008BDE /* Foundation.framework in Frameworks */ = {isa = PBXBuildFile; fileRef = CCE4A5171785524200008BDE /* Foundation.framework */; };
		CCE4A51A1785524200008BDE /* CoreGraphics.framework in Frameworks */ = {isa = PBXBuildFile; fileRef = CCE4A5191785524200008BDE /* CoreGraphics.framework */; };
		CCE4A51C1785524200008BDE /* UIKit.framework in Frameworks */ = {isa = PBXBuildFile; fileRef = CCE4A51B1785524200008BDE /* UIKit.framework */; };
		CCE4A5221785524200008BDE /* InfoPlist.strings in Resources */ = {isa = PBXBuildFile; fileRef = CCE4A5201785524200008BDE /* InfoPlist.strings */; };
		CCE4A5241785524200008BDE /* main.m in Sources */ = {isa = PBXBuildFile; fileRef = CCE4A5231785524200008BDE /* main.m */; };
		CCE4A5281785524200008BDE /* AppDelegate.m in Sources */ = {isa = PBXBuildFile; fileRef = CCE4A5271785524200008BDE /* AppDelegate.m */; };
		CCE4A52B1785524200008BDE /* Main.storyboard in Resources */ = {isa = PBXBuildFile; fileRef = CCE4A5291785524200008BDE /* Main.storyboard */; };
		CCE4A52E1785524200008BDE /* ViewController.m in Sources */ = {isa = PBXBuildFile; fileRef = CCE4A52D1785524200008BDE /* ViewController.m */; };
		CCE4A5301785524200008BDE /* Images.xcassets in Resources */ = {isa = PBXBuildFile; fileRef = CCE4A52F1785524200008BDE /* Images.xcassets */; };
		CCE4A5371785524200008BDE /* XCTest.framework in Frameworks */ = {isa = PBXBuildFile; fileRef = CCE4A5361785524200008BDE /* XCTest.framework */; };
		CCE4A5381785524200008BDE /* Foundation.framework in Frameworks */ = {isa = PBXBuildFile; fileRef = CCE4A5171785524200008BDE /* Foundation.framework */; };
		CCE4A5391785524200008BDE /* UIKit.framework in Frameworks */ = {isa = PBXBuildFile; fileRef = CCE4A51B1785524200008BDE /* UIKit.framework */; };
		CCE4A5411785524200008BDE /* InfoPlist.strings in Resources */ = {isa = PBXBuildFile; fileRef = CCE4A53F1785524200008BDE /* InfoPlist.strings */; };
		CCE4A5431785524200008BDE /* asdTests.m in Sources */ = {isa = PBXBuildFile; fileRef = CCE4A5421785524200008BDE /* asdTests.m */; };
/* End PBXBuildFile section */

/* Begin PBXContainerItemProxy section */
		CCE4A53A1785524200008BDE /* PBXContainerItemProxy */ = {
			isa = PBXContainerItemProxy;
			containerPortal = CCE4A50C1785524200008BDE /* Project object */;
			proxyType = 1;
			remoteGlobalIDString = CCE4A5131785524200008BDE;
			remoteInfo = asd;
		};
/* End PBXContainerItemProxy section */

/* Begin PBXFileReference section */
		CCE4A5141785524200008BDE /* asd.app */ = {isa = PBXFileReference; explicitFileType = wrapper.application; includeInIndex = 0; path = asd.app; sourceTree = BUILT_PRODUCTS_DIR; };
		CCE4A5171785524200008BDE /* Foundation.framework */ = {isa = PBXFileReference; lastKnownFileType = wrapper.framework; name = Foundation.framework; path = System/Library/Frameworks/Foundation.framework; sourceTree = SDKROOT; };
		CCE4A5191785524200008BDE /* CoreGraphics.framework */ = {isa = PBXFileReference; lastKnownFileType = wrapper.framework; name = CoreGraphics.framework; path = System/Library/Frameworks/CoreGraphics.framework; sourceTree = SDKROOT; };
		CCE4A51B1785524200008BDE /* UIKit.framework */ = {isa = PBXFileReference; lastKnownFileType = wrapper.framework; name = UIKit.framework; path = System/Library/Frameworks/UIKit.framework; sourceTree = SDKROOT; };
		CCE4A51F1785524200008BDE /* asd-Info.plist */ = {isa = PBXFileReference; lastKnownFileType = text.plist.xml; path = "asd-Info.plist"; sourceTree = "<group>"; };
		CCE4A5211785524200008BDE /* en */ = {isa = PBXFileReference; lastKnownFileType = text.plist.strings; name = en; path = en.lproj/InfoPlist.strings; sourceTree = "<group>"; };
		CCE4A5231785524200008BDE /* main.m */ = {isa = PBXFileReference; lastKnownFileType = sourcecode.c.objc; path = main.m; sourceTree = "<group>"; };
		CCE4A5251785524200008BDE /* asd-Prefix.pch */ = {isa = PBXFileReference; lastKnownFileType = sourcecode.c.h; path = "asd-Prefix.pch"; sourceTree = "<group>"; };
		CCE4A5261785524200008BDE /* AppDelegate.h */ = {isa = PBXFileReference; lastKnownFileType = sourcecode.c.h; path = AppDelegate.h; sourceTree = "<group>"; };
		CCE4A5271785524200008BDE /* AppDelegate.m */ = {isa = PBXFileReference; lastKnownFileType = sourcecode.c.objc; path = AppDelegate.m; sourceTree = "<group>"; };
		CCE4A52A1785524200008BDE /* Base */ = {isa = PBXFileReference; lastKnownFileType = file.storyboard; name = Base; path = Base.lproj/Main.storyboard; sourceTree = "<group>"; };
		CCE4A52C1785524200008BDE /* ViewController.h */ = {isa = PBXFileReference; lastKnownFileType = sourcecode.c.h; path = ViewController.h; sourceTree = "<group>"; };
		CCE4A52D1785524200008BDE /* ViewController.m */ = {isa = PBXFileReference; lastKnownFileType = sourcecode.c.objc; path = ViewController.m; sourceTree = "<group>"; };
		CCE4A52F1785524200008BDE /* Images.xcassets */ = {isa = PBXFileReference; lastKnownFileType = folder.assetcatalog; path = Images.xcassets; sourceTree = "<group>"; };
		CCE4A5351785524200008BDE /* asdTests.xctest */ = {isa = PBXFileReference; explicitFileType = wrapper.cfbundle; includeInIndex = 0; path = asdTests.xctest; sourceTree = BUILT_PRODUCTS_DIR; };
		CCE4A5361785524200008BDE /* XCTest.framework */ = {isa = PBXFileReference; lastKnownFileType = wrapper.framework; name = XCTest.framework; path = Library/Frameworks/XCTest.framework; sourceTree = DEVELOPER_DIR; };
		CCE4A53E1785524200008BDE /* asdTests-Info.plist */ = {isa = PBXFileReference; lastKnownFileType = text.plist.xml; path = "asdTests-Info.plist"; sourceTree = "<group>"; };
		CCE4A5401785524200008BDE /* en */ = {isa = PBXFileReference; lastKnownFileType = text.plist.strings; name = en; path = en.lproj/InfoPlist.strings; sourceTree = "<group>"; };
		CCE4A5421785524200008BDE /* asdTests.m */ = {isa = PBXFileReference; lastKnownFileType = sourcecode.c.objc; path = asdTests.m; sourceTree = "<group>"; };
/* End PBXFileReference section */

/* Begin PBXFrameworksBuildPhase section */
		CCE4A5111785524200008BDE /* Frameworks */ = {
			isa = PBXFrameworksBuildPhase;
			buildActionMask = 2147483647;
			files = (
				CCE4A51A1785524200008BDE /* CoreGraphics.framework in Frameworks */,
				CCE4A51C1785524200008BDE /* UIKit.framework in Frameworks */,
				CCE4A5181785524200008BDE /* Foundation.framework in Frameworks */,
			);
			runOnlyForDeploymentPostprocessing = 0;
		};
		CCE4A5321785524200008BDE /* Frameworks */ = {
			isa = PBXFrameworksBuildPhase;
			buildActionMask = 2147483647;
			files = (
				CCE4A5371785524200008BDE /* XCTest.framework in Frameworks */,
				CCE4A5391785524200008BDE /* UIKit.framework in Frameworks */,
				CCE4A5381785524200008BDE /* Foundation.framework in Frameworks */,
			);
			runOnlyForDeploymentPostprocessing = 0;
		};
/* End PBXFrameworksBuildPhase section */

/* Begin PBXGroup section */
		CCE4A50B1785524200008BDE = {
			isa = PBXGroup;
			children = (
				CCE4A51D1785524200008BDE /* asd */,
				CCE4A53C1785524200008BDE /* asdTests */,
				CCE4A5161785524200008BDE /* Frameworks */,
				CCE4A5151785524200008BDE /* Products */,
			);
			sourceTree = "<group>";
		};
		CCE4A5151785524200008BDE /* Products */ = {
			isa = PBXGroup;
			children = (
				CCE4A5141785524200008BDE /* asd.app */,
				CCE4A5351785524200008BDE /* asdTests.xctest */,
			);
			name = Products;
			sourceTree = "<group>";
		};
		CCE4A5161785524200008BDE /* Frameworks */ = {
			isa = PBXGroup;
			children = (
				CCE4A5171785524200008BDE /* Foundation.framework */,
				CCE4A5191785524200008BDE /* CoreGraphics.framework */,
				CCE4A51B1785524200008BDE /* UIKit.framework */,
				CCE4A5361785524200008BDE /* XCTest.framework */,
			);
			name = Frameworks;
			sourceTree = "<group>";
		};
		CCE4A51D1785524200008BDE /* asd */ = {
			isa = PBXGroup;
			children = (
				CCE4A5261785524200008BDE /* AppDelegate.h */,
				CCE4A5271785524200008BDE /* AppDelegate.m */,
				CCE4A5291785524200008BDE /* Main.storyboard */,
				CCE4A52C1785524200008BDE /* ViewController.h */,
				CCE4A52D1785524200008BDE /* ViewController.m */,
				CCE4A52F1785524200008BDE /* Images.xcassets */,
				CCE4A51E1785524200008BDE /* Supporting Files */,
			);
			path = asd;
			sourceTree = "<group>";
		};
		CCE4A51E1785524200008BDE /* Supporting Files */ = {
			isa = PBXGroup;
			children = (
				CCE4A51F1785524200008BDE /* asd-Info.plist */,
				CCE4A5201785524200008BDE /* InfoPlist.strings */,
				CCE4A5231785524200008BDE /* main.m */,
				CCE4A5251785524200008BDE /* asd-Prefix.pch */,
			);
			name = "Supporting Files";
			sourceTree = "<group>";
		};
		CCE4A53C1785524200008BDE /* asdTests */ = {
			isa = PBXGroup;
			children = (
				CCE4A5421785524200008BDE /* asdTests.m */,
				CCE4A53D1785524200008BDE /* Supporting Files */,
			);
			path = asdTests;
			sourceTree = "<group>";
		};
		CCE4A53D1785524200008BDE /* Supporting Files */ = {
			isa = PBXGroup;
			children = (
				CCE4A53E1785524200008BDE /* asdTests-Info.plist */,
				CCE4A53F1785524200008BDE /* InfoPlist.strings */,
			);
			name = "Supporting Files";
			sourceTree = "<group>";
		};
/* End PBXGroup section */

/* Begin PBXNativeTarget section */
		CCE4A5131785524200008BDE /* asd */ = {
			isa = PBXNativeTarget;
			buildConfigurationList = CCE4A5461785524200008BDE /* Build configuration list for PBXNativeTarget "asd" */;
			buildPhases = (
				CCE4A5101785524200008BDE /* Sources */,
				CCE4A5111785524200008BDE /* Frameworks */,
				CCE4A5121785524200008BDE /* Resources */,
			);
			buildRules = (
			);
			dependencies = (
			);
			name = asd;
			productName = asd;
			productReference = CCE4A5141785524200008BDE /* asd.app */;
			productType = "com.apple.product-type.application";
		};
		CCE4A5341785524200008BDE /* asdTests */ = {
			isa = PBXNativeTarget;
			buildConfigurationList = CCE4A5491785524200008BDE /* Build configuration list for PBXNativeTarget "asdTests" */;
			buildPhases = (
				CCE4A5311785524200008BDE /* Sources */,
				CCE4A5321785524200008BDE /* Frameworks */,
				CCE4A5331785524200008BDE /* Resources */,
			);
			buildRules = (
			);
			dependencies = (
				CCE4A53B1785524200008BDE /* PBXTargetDependency */,
			);
			name = asdTests;
			productName = asdTests;
			productReference = CCE4A5351785524200008BDE /* asdTests.xctest */;
			productType = "com.apple.product-type.bundle.unit-test";
		};
/* End PBXNativeTarget section */

/* Begin PBXProject section */
		CCE4A50C1785524200008BDE /* Project object */ = {
			isa = PBXProject;
			attributes = {
				LastUpgradeCheck = 0500;
				ORGANIZATIONNAME = crazypoo;
				TargetAttributes = {
					CCE4A5341785524200008BDE = {
						TestTargetID = CCE4A5131785524200008BDE;
					};
				};
			};
			buildConfigurationList = CCE4A50F1785524200008BDE /* Build configuration list for PBXProject "asd" */;
			compatibilityVersion = "Xcode 3.2";
			developmentRegion = English;
			hasScannedForEncodings = 0;
			knownRegions = (
				en,
				Base,
			);
			mainGroup = CCE4A50B1785524200008BDE;
			productRefGroup = CCE4A5151785524200008BDE /* Products */;
			projectDirPath = "";
			projectRoot = "";
			targets = (
				CCE4A5131785524200008BDE /* asd */,
				CCE4A5341785524200008BDE /* asdTests */,
			);
		};
/* End PBXProject section */

/* Begin PBXResourcesBuildPhase section */
		CCE4A5121785524200008BDE /* Resources */ = {
			isa = PBXResourcesBuildPhase;
			buildActionMask = 2147483647;
			files = (
				CCE4A5301785524200008BDE /* Images.xcassets in Resources */,
				CCE4A5221785524200008BDE /* InfoPlist.strings in Resources */,
				CCE4A52B1785524200008BDE /* Main.storyboard in Resources */,
			);
			runOnlyForDeploymentPostprocessing = 0;
		};
		CCE4A5331785524200008BDE /* Resources */ = {
			isa = PBXResourcesBuildPhase;
			buildActionMask = 2147483647;
			files = (
				CCE4A5411785524200008BDE /* InfoPlist.strings in Resources */,
			);
			runOnlyForDeploymentPostprocessing = 0;
		};
/* End PBXResourcesBuildPhase section */

/* Begin PBXSourcesBuildPhase section */
		CCE4A5101785524200008BDE /* Sources */ = {
			isa = PBXSourcesBuildPhase;
			buildActionMask = 2147483647;
			files = (
				CCE4A52E1785524200008BDE /* ViewController.m in Sources */,
				CCE4A5281785524200008BDE /* AppDelegate.m in Sources */,
				CCE4A5241785524200008BDE /* main.m in Sources */,
			);
			runOnlyForDeploymentPostprocessing = 0;
		};
		CCE4A5311785524200008BDE /* Sources */ = {
			isa = PBXSourcesBuildPhase;
			buildActionMask = 2147483647;
			files = (
				CCE4A5431785524200008BDE /* asdTests.m in Sources */,
			);
			runOnlyForDeploymentPostprocessing = 0;
		};
/* End PBXSourcesBuildPhase section */

/* Begin PBXTargetDependency section */
		CCE4A53B1785524200008BDE /* PBXTargetDependency */ = {
			isa = PBXTargetDependency;
			target = CCE4A5131785524200008BDE /* asd */;
			targetProxy = CCE4A53A1785524200008BDE /* PBXContainerItemProxy */;
		};
/* End PBXTargetDependency section */

/* Begin PBXVariantGroup section */
		CCE4A5201785524200008BDE /* InfoPlist.strings */ = {
			isa = PBXVariantGroup;
			children = (
				CCE4A5211785524200008BDE /* en */,
			);
			name = InfoPlist.strings;
			sourceTree = "<group>";
		};
		CCE4A5291785524200008BDE /* Main.storyboard */ = {
			isa = PBXVariantGroup;
			children = (
				CCE4A52A1785524200008BDE /* Base */,
			);
			name = Main.storyboard;
			sourceTree = "<group>";
		};
		CCE4A53F1785524200008BDE /* InfoPlist.strings */ = {
			isa = PBXVariantGroup;
			children = (
				CCE4A5401785524200008BDE /* en */,
			);
			name = InfoPlist.strings;
			sourceTree = "<group>";
		};
/* End PBXVariantGroup section */

/* Begin XCBuildConfiguration section */
		CCE4A5441785524200008BDE /* Debug */ = {
			isa = XCBuildConfiguration;
			buildSettings = {
				ALWAYS_SEARCH_USER_PATHS = NO;
				CLANG_CXX_LANGUAGE_STANDARD = "gnu++0x";
				CLANG_CXX_LIBRARY = "libc++";
				CLANG_ENABLE_MODULES = YES;
				CLANG_ENABLE_OBJC_ARC = YES;
				CLANG_WARN_BOOL_CONVERSION = YES;
				CLANG_WARN_CONSTANT_CONVERSION = YES;
				CLANG_WARN_DIRECT_OBJC_ISA_USAGE = YES_ERROR;
				CLANG_WARN_EMPTY_BODY = YES;
				CLANG_WARN_ENUM_CONVERSION = YES;
				CLANG_WARN_INT_CONVERSION = YES;
				CLANG_WARN_OBJC_ROOT_CLASS = YES_ERROR;
				CLANG_WARN__DUPLICATE_METHOD_MATCH = YES;
				"CODE_SIGN_IDENTITY[sdk=iphoneos*]" = "iPhone Developer";
				COPY_PHASE_STRIP = NO;
				GCC_C_LANGUAGE_STANDARD = gnu99;
				GCC_DYNAMIC_NO_PIC = NO;
				GCC_OPTIMIZATION_LEVEL = 0;
				GCC_PREPROCESSOR_DEFINITIONS = (
					"DEBUG=1",
					"$(inherited)",
				);
				GCC_SYMBOLS_PRIVATE_EXTERN = NO;
				GCC_WARN_ABOUT_RETURN_TYPE = YES_ERROR;
				GCC_WARN_UNDECLARED_SELECTOR = YES;
				GCC_WARN_UNINITIALIZED_AUTOS = YES;
				GCC_WARN_UNUSED_FUNCTION = YES;
				GCC_WARN_UNUSED_VARIABLE = YES;
				IPHONEOS_DEPLOYMENT_TARGET = 7.0;
				ONLY_ACTIVE_ARCH = YES;
				SDKROOT = iphoneos;
			};
			name = Debug;
		};
		CCE4A5451785524200008BDE /* Release */ = {
			isa = XCBuildConfiguration;
			buildSettings = {
				ALWAYS_SEARCH_USER_PATHS = NO;
				CLANG_CXX_LANGUAGE_STANDARD = "gnu++0x";
				CLANG_CXX_LIBRARY = "libc++";
				CLANG_ENABLE_MODULES = YES;
				CLANG_ENABLE_OBJC_ARC = YES;
				CLANG_WARN_BOOL_CONVERSION = YES;
				CLANG_WARN_CONSTANT_CONVERSION = YES;
				CLANG_WARN_DIRECT_OBJC_ISA_USAGE = YES_ERROR;
				CLANG_WARN_EMPTY_BODY = YES;
				CLANG_WARN_ENUM_CONVERSION = YES;
				CLANG_WARN_INT_CONVERSION = YES;
				CLANG_WARN_OBJC_ROOT_CLASS = YES_ERROR;
				CLANG_WARN__DUPLICATE_METHOD_MATCH = YES;
				"CODE_SIGN_IDENTITY[sdk=iphoneos*]" = "iPhone Developer";
				COPY_PHASE_STRIP = YES;
				ENABLE_NS_ASSERTIONS = NO;
				GCC_C_LANGUAGE_STANDARD = gnu99;
				GCC_WARN_ABOUT_RETURN_TYPE = YES_ERROR;
				GCC_WARN_UNDECLARED_SELECTOR = YES;
				GCC_WARN_UNINITIALIZED_AUTOS = YES;
				GCC_WARN_UNUSED_FUNCTION = YES;
				GCC_WARN_UNUSED_VARIABLE = YES;
				IPHONEOS_DEPLOYMENT_TARGET = 7.0;
				SDKROOT = iphoneos;
				VALIDATE_PRODUCT = YES;
			};
			name = Release;
		};
		CCE4A5471785524200008BDE /* Debug */ = {
			isa = XCBuildConfiguration;
			buildSettings = {
				ASSETCATALOG_COMPILER_APPICON_NAME = AppIcon;
				ASSETCATALOG_COMPILER_LAUNCHIMAGE_NAME = LaunchImage;
				GCC_PRECOMPILE_PREFIX_HEADER = YES;
				GCC_PREFIX_HEADER = "asd/asd-Prefix.pch";
				INFOPLIST_FILE = "asd/asd-Info.plist";
				PRODUCT_NAME = "$(TARGET_NAME)";
				WRAPPER_EXTENSION = app;
			};
			name = Debug;
		};
		CCE4A5481785524200008BDE /* Release */ = {
			isa = XCBuildConfiguration;
			buildSettings = {
				ASSETCATALOG_COMPILER_APPICON_NAME = AppIcon;
				ASSETCATALOG_COMPILER_LAUNCHIMAGE_NAME = LaunchImage;
				GCC_PRECOMPILE_PREFIX_HEADER = YES;
				GCC_PREFIX_HEADER = "asd/asd-Prefix.pch";
				INFOPLIST_FILE = "asd/asd-Info.plist";
				PRODUCT_NAME = "$(TARGET_NAME)";
				WRAPPER_EXTENSION = app;
			};
			name = Release;
		};
		CCE4A54A1785524200008BDE /* Debug */ = {
			isa = XCBuildConfiguration;
			buildSettings = {
				BUNDLE_LOADER = "$(BUILT_PRODUCTS_DIR)/asd.app/asd";
				FRAMEWORK_SEARCH_PATHS = (
					"$(SDKROOT)/Developer/Library/Frameworks",
					"$(inherited)",
					"$(SYSTEM_APPS_DIR)/Xcode5-DP2.app/Contents/Developer/Library/Frameworks",
				);
				GCC_PRECOMPILE_PREFIX_HEADER = YES;
				GCC_PREFIX_HEADER = "asd/asd-Prefix.pch";
				GCC_PREPROCESSOR_DEFINITIONS = (
					"DEBUG=1",
					"$(inherited)",
				);
				INFOPLIST_FILE = "asdTests/asdTests-Info.plist";
				PRODUCT_NAME = "$(TARGET_NAME)";
				TEST_HOST = "$(BUNDLE_LOADER)";
				WRAPPER_EXTENSION = xctest;
			};
			name = Debug;
		};
		CCE4A54B1785524200008BDE /* Release */ = {
			isa = XCBuildConfiguration;
			buildSettings = {
				BUNDLE_LOADER = "$(BUILT_PRODUCTS_DIR)/asd.app/asd";
				FRAMEWORK_SEARCH_PATHS = (
					"$(SDKROOT)/Developer/Library/Frameworks",
					"$(inherited)",
					"$(SYSTEM_APPS_DIR)/Xcode5-DP2.app/Contents/Developer/Library/Frameworks",
				);
				GCC_PRECOMPILE_PREFIX_HEADER = YES;
				GCC_PREFIX_HEADER = "asd/asd-Prefix.pch";
				INFOPLIST_FILE = "asdTests/asdTests-Info.plist";
				PRODUCT_NAME = "$(TARGET_NAME)";
				TEST_HOST = "$(BUNDLE_LOADER)";
				WRAPPER_EXTENSION = xctest;
			};
			name = Release;
		};
/* End XCBuildConfiguration section */

/* Begin XCConfigurationList section */
		CCE4A50F1785524200008BDE /* Build configuration list for PBXProject "asd" */ = {
			isa = XCConfigurationList;
			buildConfigurations = (
				CCE4A5441785524200008BDE /* Debug */,
				CCE4A5451785524200008BDE /* Release */,
			);
			defaultConfigurationIsVisible = 0;
			defaultConfigurationName = Release;
		};
		CCE4A5461785524200008BDE /* Build configuration list for PBXNativeTarget "asd" */ = {
			isa = XCConfigurationList;
			buildConfigurations = (
				CCE4A5471785524200008BDE /* Debug */,
				CCE4A5481785524200008BDE /* Release */,
			);
			defaultConfigurationIsVisible = 0;
		};
		CCE4A5491785524200008BDE /* Build configuration list for PBXNativeTarget "asdTests" */ = {
			isa = XCConfigurationList;
			buildConfigurations = (
				CCE4A54A1785524200008BDE /* Debug */,
				CCE4A54B1785524200008BDE /* Release */,
			);
			defaultConfigurationIsVisible = 0;
		};
/* End XCConfigurationList section */
	};
	rootObject = CCE4A50C1785524200008BDE /* Project object */;
}
